
Microsoft Visual Studio Solution File, Format Version 12.00
# Visual Studio Version 16
VisualStudioVersion = 16.0.31402.337
MinimumVisualStudioVersion = 10.0.40219.1
Project("{FAE04EC0-301F-11D3-BF4B-00C04F79EFBC}") = "AccStandardDeviationCounter", "AccStandardDeviationCounter\AccStandardDeviationCounter.csproj", "{BA2D216A-9DAE-4DEF-BC9C-10D90D4407A8}"
EndProject
Global
	GlobalSection(SolutionConfigurationPlatforms) = preSolution
		Debug|Any CPU = Debug|Any CPU
		Release|Any CPU = Release|Any CPU
	EndGlobalSection
	GlobalSection(ProjectConfigurationPlatforms) = postSolution
		{BA2D216A-9DAE-4DEF-BC9C-10D90D4407A8}.Debug|Any CPU.ActiveCfg = Debug|Any CPU
		{BA2D216A-9DAE-4DEF-BC9C-10D90D4407A8}.Debug|Any CPU.Build.0 = Debug|Any CPU
		{BA2D216A-9DAE-4DEF-BC9C-10D90D4407A8}.Release|Any CPU.ActiveCfg = Release|Any CPU
		{BA2D216A-9DAE-4DEF-BC9C-10D90D4407A8}.Release|Any CPU.Build.0 = Release|Any CPU
	EndGlobalSection
	GlobalSection(SolutionProperties) = preSolution
		HideSolutionNode = FALSE
	EndGlobalSection
	GlobalSection(ExtensibilityGlobals) = postSolution
		SolutionGuid = {600B2CEA-9681-428B-A4C7-B68E2931D8E1}
	EndGlobalSection
EndGlobal
